
Microsoft Visual Studio Solution File, Format Version 12.00
# Visual Studio Version 17
VisualStudioVersion = 17.2.32526.322
MinimumVisualStudioVersion = 10.0.40219.1
Project("{9A19103F-16F7-4668-BE54-9A1E7A4F7556}") = "Core", "Application\Core\Core.csproj", "{1027CACC-D66F-4B6E-9B18-BD27E277B8F3}"
EndProject
Project("{9A19103F-16F7-4668-BE54-9A1E7A4F7556}") = "Utility", "Commands\Utility\Utility.csproj", "{6E9F8F00-E610-4EF8-BD43-C529883B0B89}"
EndProject
Project("{2150E333-8FDC-42A3-9474-1A3956D46DE8}") = "Commands", "Commands", "{BEA67F2C-84AE-4CD4-BF96-8056F969E0D4}"
EndProject
Project("{2150E333-8FDC-42A3-9474-1A3956D46DE8}") = "Application", "Application", "{CD824CE8-DC68-4AFF-A9CD-A5A6F4DEE522}"
EndProject
Project("{9A19103F-16F7-4668-BE54-9A1E7A4F7556}") = "Fourier", "Commands\Fourier\Fourier.csproj", "{86818C4D-ED57-4BE5-8169-545B682099F2}"
EndProject
Project("{9A19103F-16F7-4668-BE54-9A1E7A4F7556}") = "ApplicationTests", "Application\ApplicationTests\ApplicationTests.csproj", "{51562518-6F44-4D9B-88E5-C53C922CB07A}"
EndProject
Project("{9A19103F-16F7-4668-BE54-9A1E7A4F7556}") = "CommandsTests", "Commands\CommandsTests\CommandsTests.csproj", "{3B3C31A6-99F9-46E3-B53B-C13D3FF9FFDB}"
EndProject
Project("{2150E333-8FDC-42A3-9474-1A3956D46DE8}") = "Devices", "Devices", "{58943B0F-C4D5-4C5E-AC61-5BB509242ED0}"
EndProject
Project("{2150E333-8FDC-42A3-9474-1A3956D46DE8}") = "VISA", "VISA", "{6695F6C1-3003-48C8-851A-7FAC04E3866F}"
EndProject
Project("{2150E333-8FDC-42A3-9474-1A3956D46DE8}") = "VISA", "VISA", "{870BEE80-20BB-46CC-8907-AA1A59C2B1C6}"
EndProject
Project("{9A19103F-16F7-4668-BE54-9A1E7A4F7556}") = "VISA", "VISA\Core\VISA.csproj", "{FA9C81C8-FFC4-4F14-8A0D-2915A1868A3C}"
EndProject
Project("{9A19103F-16F7-4668-BE54-9A1E7A4F7556}") = "SerialPort", "VISA\SerialPort\SerialPort.csproj", "{09C917FC-4207-4961-8E76-280EB0B94DCD}"
EndProject
Project("{9A19103F-16F7-4668-BE54-9A1E7A4F7556}") = "NI VISA.NET 21.5", "NiVisa\NI VISA.NET 21.5.csproj", "{777D9B96-466C-4489-853B-AE278F9100C1}"
EndProject
Project("{FAE04EC0-301F-11D3-BF4B-00C04F79EFBC}") = "AR488", "AR488\AR488.csproj", "{B446384A-F216-492A-8C11-4E1D1996F275}"
EndProject
Global
	GlobalSection(SolutionConfigurationPlatforms) = preSolution
		Debug|Any CPU = Debug|Any CPU
		Release|Any CPU = Release|Any CPU
	EndGlobalSection
	GlobalSection(ProjectConfigurationPlatforms) = postSolution
		{1027CACC-D66F-4B6E-9B18-BD27E277B8F3}.Debug|Any CPU.ActiveCfg = Debug|Any CPU
		{1027CACC-D66F-4B6E-9B18-BD27E277B8F3}.Debug|Any CPU.Build.0 = Debug|Any CPU
		{1027CACC-D66F-4B6E-9B18-BD27E277B8F3}.Release|Any CPU.ActiveCfg = Release|Any CPU
		{1027CACC-D66F-4B6E-9B18-BD27E277B8F3}.Release|Any CPU.Build.0 = Release|Any CPU
		{6E9F8F00-E610-4EF8-BD43-C529883B0B89}.Debug|Any CPU.ActiveCfg = Debug|Any CPU
		{6E9F8F00-E610-4EF8-BD43-C529883B0B89}.Debug|Any CPU.Build.0 = Debug|Any CPU
		{6E9F8F00-E610-4EF8-BD43-C529883B0B89}.Release|Any CPU.ActiveCfg = Release|Any CPU
		{6E9F8F00-E610-4EF8-BD43-C529883B0B89}.Release|Any CPU.Build.0 = Release|Any CPU
		{86818C4D-ED57-4BE5-8169-545B682099F2}.Debug|Any CPU.ActiveCfg = Debug|Any CPU
		{86818C4D-ED57-4BE5-8169-545B682099F2}.Debug|Any CPU.Build.0 = Debug|Any CPU
		{86818C4D-ED57-4BE5-8169-545B682099F2}.Release|Any CPU.ActiveCfg = Release|Any CPU
		{86818C4D-ED57-4BE5-8169-545B682099F2}.Release|Any CPU.Build.0 = Release|Any CPU
		{51562518-6F44-4D9B-88E5-C53C922CB07A}.Debug|Any CPU.ActiveCfg = Debug|Any CPU
		{51562518-6F44-4D9B-88E5-C53C922CB07A}.Debug|Any CPU.Build.0 = Debug|Any CPU
		{51562518-6F44-4D9B-88E5-C53C922CB07A}.Release|Any CPU.ActiveCfg = Release|Any CPU
		{51562518-6F44-4D9B-88E5-C53C922CB07A}.Release|Any CPU.Build.0 = Release|Any CPU
		{3B3C31A6-99F9-46E3-B53B-C13D3FF9FFDB}.Debug|Any CPU.ActiveCfg = Debug|Any CPU
		{3B3C31A6-99F9-46E3-B53B-C13D3FF9FFDB}.Debug|Any CPU.Build.0 = Debug|Any CPU
		{3B3C31A6-99F9-46E3-B53B-C13D3FF9FFDB}.Release|Any CPU.ActiveCfg = Release|Any CPU
		{3B3C31A6-99F9-46E3-B53B-C13D3FF9FFDB}.Release|Any CPU.Build.0 = Release|Any CPU
		{FA9C81C8-FFC4-4F14-8A0D-2915A1868A3C}.Debug|Any CPU.ActiveCfg = Debug|Any CPU
		{FA9C81C8-FFC4-4F14-8A0D-2915A1868A3C}.Debug|Any CPU.Build.0 = Debug|Any CPU
		{FA9C81C8-FFC4-4F14-8A0D-2915A1868A3C}.Release|Any CPU.ActiveCfg = Release|Any CPU
		{FA9C81C8-FFC4-4F14-8A0D-2915A1868A3C}.Release|Any CPU.Build.0 = Release|Any CPU
		{09C917FC-4207-4961-8E76-280EB0B94DCD}.Debug|Any CPU.ActiveCfg = Debug|Any CPU
		{09C917FC-4207-4961-8E76-280EB0B94DCD}.Debug|Any CPU.Build.0 = Debug|Any CPU
		{09C917FC-4207-4961-8E76-280EB0B94DCD}.Release|Any CPU.ActiveCfg = Release|Any CPU
		{09C917FC-4207-4961-8E76-280EB0B94DCD}.Release|Any CPU.Build.0 = Release|Any CPU
		{777D9B96-466C-4489-853B-AE278F9100C1}.Debug|Any CPU.ActiveCfg = Debug|Any CPU
		{777D9B96-466C-4489-853B-AE278F9100C1}.Debug|Any CPU.Build.0 = Debug|Any CPU
		{777D9B96-466C-4489-853B-AE278F9100C1}.Release|Any CPU.ActiveCfg = Release|Any CPU
		{777D9B96-466C-4489-853B-AE278F9100C1}.Release|Any CPU.Build.0 = Release|Any CPU
		{B446384A-F216-492A-8C11-4E1D1996F275}.Debug|Any CPU.ActiveCfg = Debug|Any CPU
		{B446384A-F216-492A-8C11-4E1D1996F275}.Debug|Any CPU.Build.0 = Debug|Any CPU
		{B446384A-F216-492A-8C11-4E1D1996F275}.Release|Any CPU.ActiveCfg = Release|Any CPU
		{B446384A-F216-492A-8C11-4E1D1996F275}.Release|Any CPU.Build.0 = Release|Any CPU
	EndGlobalSection
	GlobalSection(SolutionProperties) = preSolution
		HideSolutionNode = FALSE
	EndGlobalSection
	GlobalSection(NestedProjects) = preSolution
		{1027CACC-D66F-4B6E-9B18-BD27E277B8F3} = {CD824CE8-DC68-4AFF-A9CD-A5A6F4DEE522}
		{6E9F8F00-E610-4EF8-BD43-C529883B0B89} = {BEA67F2C-84AE-4CD4-BF96-8056F969E0D4}
		{86818C4D-ED57-4BE5-8169-545B682099F2} = {BEA67F2C-84AE-4CD4-BF96-8056F969E0D4}
		{51562518-6F44-4D9B-88E5-C53C922CB07A} = {CD824CE8-DC68-4AFF-A9CD-A5A6F4DEE522}
		{3B3C31A6-99F9-46E3-B53B-C13D3FF9FFDB} = {BEA67F2C-84AE-4CD4-BF96-8056F969E0D4}
		{6695F6C1-3003-48C8-851A-7FAC04E3866F} = {58943B0F-C4D5-4C5E-AC61-5BB509242ED0}
		{870BEE80-20BB-46CC-8907-AA1A59C2B1C6} = {BEA67F2C-84AE-4CD4-BF96-8056F969E0D4}
		{FA9C81C8-FFC4-4F14-8A0D-2915A1868A3C} = {870BEE80-20BB-46CC-8907-AA1A59C2B1C6}
		{09C917FC-4207-4961-8E76-280EB0B94DCD} = {BEA67F2C-84AE-4CD4-BF96-8056F969E0D4}
		{777D9B96-466C-4489-853B-AE278F9100C1} = {870BEE80-20BB-46CC-8907-AA1A59C2B1C6}
		{B446384A-F216-492A-8C11-4E1D1996F275} = {870BEE80-20BB-46CC-8907-AA1A59C2B1C6}
	EndGlobalSection
	GlobalSection(ExtensibilityGlobals) = postSolution
		SolutionGuid = {4F7F3853-8BD8-411D-AFA9-B6EBBF4F45AC}
	EndGlobalSection
EndGlobal
